
Microsoft Visual Studio Solution File, Format Version 12.00
# Visual Studio 15
VisualStudioVersion = 15.0.28010.2026
MinimumVisualStudioVersion = 10.0.40219.1
Project("{2150E333-8FDC-42A3-9474-1A3956D46DE8}") = "source", "source", "{3F654AD6-9011-45D8-ABA8-9D8B43A38AC6}"
EndProject
Project("{2150E333-8FDC-42A3-9474-1A3956D46DE8}") = "beginner", "beginner", "{F2B24B19-9683-40B5-8CF7-08F84CE31D99}"
EndProject
Project("{FAE04EC0-301F-11D3-BF4B-00C04F79EFBC}") = "PostSharpBasics", "PostSharpBasics\PostSharpBasics.csproj", "{B000A65E-5430-4322-BF96-4FA3ED6D2DC3}"
EndProject
Global
	GlobalSection(SolutionConfigurationPlatforms) = preSolution
		Debug|Any CPU = Debug|Any CPU
		Release|Any CPU = Release|Any CPU
	EndGlobalSection
	GlobalSection(ProjectConfigurationPlatforms) = postSolution
		{B000A65E-5430-4322-BF96-4FA3ED6D2DC3}.Debug|Any CPU.ActiveCfg = Debug|Any CPU
		{B000A65E-5430-4322-BF96-4FA3ED6D2DC3}.Debug|Any CPU.Build.0 = Debug|Any CPU
		{B000A65E-5430-4322-BF96-4FA3ED6D2DC3}.Release|Any CPU.ActiveCfg = Release|Any CPU
		{B000A65E-5430-4322-BF96-4FA3ED6D2DC3}.Release|Any CPU.Build.0 = Release|Any CPU
	EndGlobalSection
	GlobalSection(SolutionProperties) = preSolution
		HideSolutionNode = FALSE
	EndGlobalSection
	GlobalSection(NestedProjects) = preSolution
		{F2B24B19-9683-40B5-8CF7-08F84CE31D99} = {3F654AD6-9011-45D8-ABA8-9D8B43A38AC6}
		{B000A65E-5430-4322-BF96-4FA3ED6D2DC3} = {F2B24B19-9683-40B5-8CF7-08F84CE31D99}
	EndGlobalSection
	GlobalSection(ExtensibilityGlobals) = postSolution
		SolutionGuid = {B213792B-DD29-40AF-BAFF-FA1451B47300}
	EndGlobalSection
EndGlobal
